// !$*UTF8*$!
{
	archiveVersion = 1;
	classes = {
	};
	objectVersion = 55;
	objects = {

/* Begin PBXBuildFile section */
		781C241029733EB60053C421 /* TodoListSwiftUIApp.swift in Sources */ = {isa = PBXBuildFile; fileRef = 781C240F29733EB60053C421 /* TodoListSwiftUIApp.swift */; };
		781C241229733EB60053C421 /* ContentView.swift in Sources */ = {isa = PBXBuildFile; fileRef = 781C241129733EB60053C421 /* ContentView.swift */; };
		781C241429733EBC0053C421 /* Assets.xcassets in Resources */ = {isa = PBXBuildFile; fileRef = 781C241329733EBC0053C421 /* Assets.xcassets */; };
		781C241729733EBC0053C421 /* Preview Assets.xcassets in Resources */ = {isa = PBXBuildFile; fileRef = 781C241629733EBC0053C421 /* Preview Assets.xcassets */; };
		781C242129733EBC0053C421 /* TodoListSwiftUITests.swift in Sources */ = {isa = PBXBuildFile; fileRef = 781C242029733EBC0053C421 /* TodoListSwiftUITests.swift */; };
		781C242B29733EBC0053C421 /* TodoListSwiftUIUITests.swift in Sources */ = {isa = PBXBuildFile; fileRef = 781C242A29733EBC0053C421 /* TodoListSwiftUIUITests.swift */; };
		781C242D29733EBC0053C421 /* TodoListSwiftUIUITestsLaunchTests.swift in Sources */ = {isa = PBXBuildFile; fileRef = 781C242C29733EBC0053C421 /* TodoListSwiftUIUITestsLaunchTests.swift */; };
/* End PBXBuildFile section */

/* Begin PBXContainerItemProxy section */
		781C241D29733EBC0053C421 /* PBXContainerItemProxy */ = {
			isa = PBXContainerItemProxy;
			containerPortal = 781C240429733EB50053C421 /* Project object */;
			proxyType = 1;
			remoteGlobalIDString = 781C240B29733EB60053C421;
			remoteInfo = TodoListSwiftUI;
		};
		781C242729733EBC0053C421 /* PBXContainerItemProxy */ = {
			isa = PBXContainerItemProxy;
			containerPortal = 781C240429733EB50053C421 /* Project object */;
			proxyType = 1;
			remoteGlobalIDString = 781C240B29733EB60053C421;
			remoteInfo = TodoListSwiftUI;
		};
/* End PBXContainerItemProxy section */

/* Begin PBXFileReference section */
		781C240C29733EB60053C421 /* TodoListSwiftUI.app */ = {isa = PBXFileReference; explicitFileType = wrapper.application; includeInIndex = 0; path = TodoListSwiftUI.app; sourceTree = BUILT_PRODUCTS_DIR; };
		781C240F29733EB60053C421 /* TodoListSwiftUIApp.swift */ = {isa = PBXFileReference; lastKnownFileType = sourcecode.swift; path = TodoListSwiftUIApp.swift; sourceTree = "<group>"; };
		781C241129733EB60053C421 /* ContentView.swift */ = {isa = PBXFileReference; lastKnownFileType = sourcecode.swift; path = ContentView.swift; sourceTree = "<group>"; };
		781C241329733EBC0053C421 /* Assets.xcassets */ = {isa = PBXFileReference; lastKnownFileType = folder.assetcatalog; path = Assets.xcassets; sourceTree = "<group>"; };
		781C241629733EBC0053C421 /* Preview Assets.xcassets */ = {isa = PBXFileReference; lastKnownFileType = folder.assetcatalog; path = "Preview Assets.xcassets"; sourceTree = "<group>"; };
		781C241C29733EBC0053C421 /* TodoListSwiftUITests.xctest */ = {isa = PBXFileReference; explicitFileType = wrapper.cfbundle; includeInIndex = 0; path = TodoListSwiftUITests.xctest; sourceTree = BUILT_PRODUCTS_DIR; };
		781C242029733EBC0053C421 /* TodoListSwiftUITests.swift */ = {isa = PBXFileReference; lastKnownFileType = sourcecode.swift; path = TodoListSwiftUITests.swift; sourceTree = "<group>"; };
		781C242629733EBC0053C421 /* TodoListSwiftUIUITests.xctest */ = {isa = PBXFileReference; explicitFileType = wrapper.cfbundle; includeInIndex = 0; path = TodoListSwiftUIUITests.xctest; sourceTree = BUILT_PRODUCTS_DIR; };
		781C242A29733EBC0053C421 /* TodoListSwiftUIUITests.swift */ = {isa = PBXFileReference; lastKnownFileType = sourcecode.swift; path = TodoListSwiftUIUITests.swift; sourceTree = "<group>"; };
		781C242C29733EBC0053C421 /* TodoListSwiftUIUITestsLaunchTests.swift */ = {isa = PBXFileReference; lastKnownFileType = sourcecode.swift; path = TodoListSwiftUIUITestsLaunchTests.swift; sourceTree = "<group>"; };
/* End PBXFileReference section */

/* Begin PBXFrameworksBuildPhase section */
		781C240929733EB60053C421 /* Frameworks */ = {
			isa = PBXFrameworksBuildPhase;
			buildActionMask = 2147483647;
			files = (
			);
			runOnlyForDeploymentPostprocessing = 0;
		};
		781C241929733EBC0053C421 /* Frameworks */ = {
			isa = PBXFrameworksBuildPhase;
			buildActionMask = 2147483647;
			files = (
			);
			runOnlyForDeploymentPostprocessing = 0;
		};
		781C242329733EBC0053C421 /* Frameworks */ = {
			isa = PBXFrameworksBuildPhase;
			buildActionMask = 2147483647;
			files = (
			);
			runOnlyForDeploymentPostprocessing = 0;
		};
/* End PBXFrameworksBuildPhase section */

/* Begin PBXGroup section */
		781C240329733EB50053C421 = {
			isa = PBXGroup;
			children = (
				781C240E29733EB60053C421 /* TodoListSwiftUI */,
				781C241F29733EBC0053C421 /* TodoListSwiftUITests */,
				781C242929733EBC0053C421 /* TodoListSwiftUIUITests */,
				781C240D29733EB60053C421 /* Products */,
			);
			sourceTree = "<group>";
		};
		781C240D29733EB60053C421 /* Products */ = {
			isa = PBXGroup;
			children = (
				781C240C29733EB60053C421 /* TodoListSwiftUI.app */,
				781C241C29733EBC0053C421 /* TodoListSwiftUITests.xctest */,
				781C242629733EBC0053C421 /* TodoListSwiftUIUITests.xctest */,
			);
			name = Products;
			sourceTree = "<group>";
		};
		781C240E29733EB60053C421 /* TodoListSwiftUI */ = {
			isa = PBXGroup;
			children = (
				781C240F29733EB60053C421 /* TodoListSwiftUIApp.swift */,
				781C241129733EB60053C421 /* ContentView.swift */,
				781C241329733EBC0053C421 /* Assets.xcassets */,
				781C241529733EBC0053C421 /* Preview Content */,
			);
			path = TodoListSwiftUI;
			sourceTree = "<group>";
		};
		781C241529733EBC0053C421 /* Preview Content */ = {
			isa = PBXGroup;
			children = (
				781C241629733EBC0053C421 /* Preview Assets.xcassets */,
			);
			path = "Preview Content";
			sourceTree = "<group>";
		};
		781C241F29733EBC0053C421 /* TodoListSwiftUITests */ = {
			isa = PBXGroup;
			children = (
				781C242029733EBC0053C421 /* TodoListSwiftUITests.swift */,
			);
			path = TodoListSwiftUITests;
			sourceTree = "<group>";
		};
		781C242929733EBC0053C421 /* TodoListSwiftUIUITests */ = {
			isa = PBXGroup;
			children = (
				781C242A29733EBC0053C421 /* TodoListSwiftUIUITests.swift */,
				781C242C29733EBC0053C421 /* TodoListSwiftUIUITestsLaunchTests.swift */,
			);
			path = TodoListSwiftUIUITests;
			sourceTree = "<group>";
		};
/* End PBXGroup section */

/* Begin PBXNativeTarget section */
		781C240B29733EB60053C421 /* TodoListSwiftUI */ = {
			isa = PBXNativeTarget;
			buildConfigurationList = 781C243029733EBC0053C421 /* Build configuration list for PBXNativeTarget "TodoListSwiftUI" */;
			buildPhases = (
				781C240829733EB60053C421 /* Sources */,
				781C240929733EB60053C421 /* Frameworks */,
				781C240A29733EB60053C421 /* Resources */,
			);
			buildRules = (
			);
			dependencies = (
			);
			name = TodoListSwiftUI;
			productName = TodoListSwiftUI;
			productReference = 781C240C29733EB60053C421 /* TodoListSwiftUI.app */;
			productType = "com.apple.product-type.application";
		};
		781C241B29733EBC0053C421 /* TodoListSwiftUITests */ = {
			isa = PBXNativeTarget;
			buildConfigurationList = 781C243329733EBC0053C421 /* Build configuration list for PBXNativeTarget "TodoListSwiftUITests" */;
			buildPhases = (
				781C241829733EBC0053C421 /* Sources */,
				781C241929733EBC0053C421 /* Frameworks */,
				781C241A29733EBC0053C421 /* Resources */,
			);
			buildRules = (
			);
			dependencies = (
				781C241E29733EBC0053C421 /* PBXTargetDependency */,
			);
			name = TodoListSwiftUITests;
			productName = TodoListSwiftUITests;
			productReference = 781C241C29733EBC0053C421 /* TodoListSwiftUITests.xctest */;
			productType = "com.apple.product-type.bundle.unit-test";
		};
		781C242529733EBC0053C421 /* TodoListSwiftUIUITests */ = {
			isa = PBXNativeTarget;
			buildConfigurationList = 781C243629733EBC0053C421 /* Build configuration list for PBXNativeTarget "TodoListSwiftUIUITests" */;
			buildPhases = (
				781C242229733EBC0053C421 /* Sources */,
				781C242329733EBC0053C421 /* Frameworks */,
				781C242429733EBC0053C421 /* Resources */,
			);
			buildRules = (
			);
			dependencies = (
				781C242829733EBC0053C421 /* PBXTargetDependency */,
			);
			name = TodoListSwiftUIUITests;
			productName = TodoListSwiftUIUITests;
			productReference = 781C242629733EBC0053C421 /* TodoListSwiftUIUITests.xctest */;
			productType = "com.apple.product-type.bundle.ui-testing";
		};
/* End PBXNativeTarget section */

/* Begin PBXProject section */
		781C240429733EB50053C421 /* Project object */ = {
			isa = PBXProject;
			attributes = {
				BuildIndependentTargetsInParallel = 1;
				LastSwiftUpdateCheck = 1340;
				LastUpgradeCheck = 1340;
				TargetAttributes = {
					781C240B29733EB60053C421 = {
						CreatedOnToolsVersion = 13.4.1;
					};
					781C241B29733EBC0053C421 = {
						CreatedOnToolsVersion = 13.4.1;
						TestTargetID = 781C240B29733EB60053C421;
					};
					781C242529733EBC0053C421 = {
						CreatedOnToolsVersion = 13.4.1;
						TestTargetID = 781C240B29733EB60053C421;
					};
				};
			};
			buildConfigurationList = 781C240729733EB50053C421 /* Build configuration list for PBXProject "TodoListSwiftUI" */;
			compatibilityVersion = "Xcode 13.0";
			developmentRegion = en;
			hasScannedForEncodings = 0;
			knownRegions = (
				en,
				Base,
			);
			mainGroup = 781C240329733EB50053C421;
			productRefGroup = 781C240D29733EB60053C421 /* Products */;
			projectDirPath = "";
			projectRoot = "";
			targets = (
				781C240B29733EB60053C421 /* TodoListSwiftUI */,
				781C241B29733EBC0053C421 /* TodoListSwiftUITests */,
				781C242529733EBC0053C421 /* TodoListSwiftUIUITests */,
			);
		};
/* End PBXProject section */

/* Begin PBXResourcesBuildPhase section */
		781C240A29733EB60053C421 /* Resources */ = {
			isa = PBXResourcesBuildPhase;
			buildActionMask = 2147483647;
			files = (
				781C241729733EBC0053C421 /* Preview Assets.xcassets in Resources */,
				781C241429733EBC0053C421 /* Assets.xcassets in Resources */,
			);
			runOnlyForDeploymentPostprocessing = 0;
		};
		781C241A29733EBC0053C421 /* Resources */ = {
			isa = PBXResourcesBuildPhase;
			buildActionMask = 2147483647;
			files = (
			);
			runOnlyForDeploymentPostprocessing = 0;
		};
		781C242429733EBC0053C421 /* Resources */ = {
			isa = PBXResourcesBuildPhase;
			buildActionMask = 2147483647;
			files = (
			);
			runOnlyForDeploymentPostprocessing = 0;
		};
/* End PBXResourcesBuildPhase section */

/* Begin PBXSourcesBuildPhase section */
		781C240829733EB60053C421 /* Sources */ = {
			isa = PBXSourcesBuildPhase;
			buildActionMask = 2147483647;
			files = (
				781C241229733EB60053C421 /* ContentView.swift in Sources */,
				781C241029733EB60053C421 /* TodoListSwiftUIApp.swift in Sources */,
			);
			runOnlyForDeploymentPostprocessing = 0;
		};
		781C241829733EBC0053C421 /* Sources */ = {
			isa = PBXSourcesBuildPhase;
			buildActionMask = 2147483647;
			files = (
				781C242129733EBC0053C421 /* TodoListSwiftUITests.swift in Sources */,
			);
			runOnlyForDeploymentPostprocessing = 0;
		};
		781C242229733EBC0053C421 /* Sources */ = {
			isa = PBXSourcesBuildPhase;
			buildActionMask = 2147483647;
			files = (
				781C242D29733EBC0053C421 /* TodoListSwiftUIUITestsLaunchTests.swift in Sources */,
				781C242B29733EBC0053C421 /* TodoListSwiftUIUITests.swift in Sources */,
			);
			runOnlyForDeploymentPostprocessing = 0;
		};
/* End PBXSourcesBuildPhase section */

/* Begin PBXTargetDependency section */
		781C241E29733EBC0053C421 /* PBXTargetDependency */ = {
			isa = PBXTargetDependency;
			target = 781C240B29733EB60053C421 /* TodoListSwiftUI */;
			targetProxy = 781C241D29733EBC0053C421 /* PBXContainerItemProxy */;
		};
		781C242829733EBC0053C421 /* PBXTargetDependency */ = {
			isa = PBXTargetDependency;
			target = 781C240B29733EB60053C421 /* TodoListSwiftUI */;
			targetProxy = 781C242729733EBC0053C421 /* PBXContainerItemProxy */;
		};
/* End PBXTargetDependency section */

/* Begin XCBuildConfiguration section */
		781C242E29733EBC0053C421 /* Debug */ = {
			isa = XCBuildConfiguration;
			buildSettings = {
				ALWAYS_SEARCH_USER_PATHS = NO;
				CLANG_ANALYZER_NONNULL = YES;
				CLANG_ANALYZER_NUMBER_OBJECT_CONVERSION = YES_AGGRESSIVE;
				CLANG_CXX_LANGUAGE_STANDARD = "gnu++17";
				CLANG_ENABLE_MODULES = YES;
				CLANG_ENABLE_OBJC_ARC = YES;
				CLANG_ENABLE_OBJC_WEAK = YES;
				CLANG_WARN_BLOCK_CAPTURE_AUTORELEASING = YES;
				CLANG_WARN_BOOL_CONVERSION = YES;
				CLANG_WARN_COMMA = YES;
				CLANG_WARN_CONSTANT_CONVERSION = YES;
				CLANG_WARN_DEPRECATED_OBJC_IMPLEMENTATIONS = YES;
				CLANG_WARN_DIRECT_OBJC_ISA_USAGE = YES_ERROR;
				CLANG_WARN_DOCUMENTATION_COMMENTS = YES;
				CLANG_WARN_EMPTY_BODY = YES;
				CLANG_WARN_ENUM_CONVERSION = YES;
				CLANG_WARN_INFINITE_RECURSION = YES;
				CLANG_WARN_INT_CONVERSION = YES;
				CLANG_WARN_NON_LITERAL_NULL_CONVERSION = YES;
				CLANG_WARN_OBJC_IMPLICIT_RETAIN_SELF = YES;
				CLANG_WARN_OBJC_LITERAL_CONVERSION = YES;
				CLANG_WARN_OBJC_ROOT_CLASS = YES_ERROR;
				CLANG_WARN_QUOTED_INCLUDE_IN_FRAMEWORK_HEADER = YES;
				CLANG_WARN_RANGE_LOOP_ANALYSIS = YES;
				CLANG_WARN_STRICT_PROTOTYPES = YES;
				CLANG_WARN_SUSPICIOUS_MOVE = YES;
				CLANG_WARN_UNGUARDED_AVAILABILITY = YES_AGGRESSIVE;
				CLANG_WARN_UNREACHABLE_CODE = YES;
				CLANG_WARN__DUPLICATE_METHOD_MATCH = YES;
				COPY_PHASE_STRIP = NO;
				DEBUG_INFORMATION_FORMAT = dwarf;
				ENABLE_STRICT_OBJC_MSGSEND = YES;
				ENABLE_TESTABILITY = YES;
				GCC_C_LANGUAGE_STANDARD = gnu11;
				GCC_DYNAMIC_NO_PIC = NO;
				GCC_NO_COMMON_BLOCKS = YES;
				GCC_OPTIMIZATION_LEVEL = 0;
				GCC_PREPROCESSOR_DEFINITIONS = (
					"DEBUG=1",
					"$(inherited)",
				);
				GCC_WARN_64_TO_32_BIT_CONVERSION = YES;
				GCC_WARN_ABOUT_RETURN_TYPE = YES_ERROR;
				GCC_WARN_UNDECLARED_SELECTOR = YES;
				GCC_WARN_UNINITIALIZED_AUTOS = YES_AGGRESSIVE;
				GCC_WARN_UNUSED_FUNCTION = YES;
				GCC_WARN_UNUSED_VARIABLE = YES;
				IPHONEOS_DEPLOYMENT_TARGET = 15.5;
				MTL_ENABLE_DEBUG_INFO = INCLUDE_SOURCE;
				MTL_FAST_MATH = YES;
				ONLY_ACTIVE_ARCH = YES;
				SDKROOT = iphoneos;
				SWIFT_ACTIVE_COMPILATION_CONDITIONS = DEBUG;
				SWIFT_OPTIMIZATION_LEVEL = "-Onone";
			};
			name = Debug;
		};
		781C242F29733EBC0053C421 /* Release */ = {
			isa = XCBuildConfiguration;
			buildSettings = {
				ALWAYS_SEARCH_USER_PATHS = NO;
				CLANG_ANALYZER_NONNULL = YES;
				CLANG_ANALYZER_NUMBER_OBJECT_CONVERSION = YES_AGGRESSIVE;
				CLANG_CXX_LANGUAGE_STANDARD = "gnu++17";
				CLANG_ENABLE_MODULES = YES;
				CLANG_ENABLE_OBJC_ARC = YES;
				CLANG_ENABLE_OBJC_WEAK = YES;
				CLANG_WARN_BLOCK_CAPTURE_AUTORELEASING = YES;
				CLANG_WARN_BOOL_CONVERSION = YES;
				CLANG_WARN_COMMA = YES;
				CLANG_WARN_CONSTANT_CONVERSION = YES;
				CLANG_WARN_DEPRECATED_OBJC_IMPLEMENTATIONS = YES;
				CLANG_WARN_DIRECT_OBJC_ISA_USAGE = YES_ERROR;
				CLANG_WARN_DOCUMENTATION_COMMENTS = YES;
				CLANG_WARN_EMPTY_BODY = YES;
				CLANG_WARN_ENUM_CONVERSION = YES;
				CLANG_WARN_INFINITE_RECURSION = YES;
				CLANG_WARN_INT_CONVERSION = YES;
				CLANG_WARN_NON_LITERAL_NULL_CONVERSION = YES;
				CLANG_WARN_OBJC_IMPLICIT_RETAIN_SELF = YES;
				CLANG_WARN_OBJC_LITERAL_CONVERSION = YES;
				CLANG_WARN_OBJC_ROOT_CLASS = YES_ERROR;
				CLANG_WARN_QUOTED_INCLUDE_IN_FRAMEWORK_HEADER = YES;
				CLANG_WARN_RANGE_LOOP_ANALYSIS = YES;
				CLANG_WARN_STRICT_PROTOTYPES = YES;
				CLANG_WARN_SUSPICIOUS_MOVE = YES;
				CLANG_WARN_UNGUARDED_AVAILABILITY = YES_AGGRESSIVE;
				CLANG_WARN_UNREACHABLE_CODE = YES;
				CLANG_WARN__DUPLICATE_METHOD_MATCH = YES;
				COPY_PHASE_STRIP = NO;
				DEBUG_INFORMATION_FORMAT = "dwarf-with-dsym";
				ENABLE_NS_ASSERTIONS = NO;
				ENABLE_STRICT_OBJC_MSGSEND = YES;
				GCC_C_LANGUAGE_STANDARD = gnu11;
				GCC_NO_COMMON_BLOCKS = YES;
				GCC_WARN_64_TO_32_BIT_CONVERSION = YES;
				GCC_WARN_ABOUT_RETURN_TYPE = YES_ERROR;
				GCC_WARN_UNDECLARED_SELECTOR = YES;
				GCC_WARN_UNINITIALIZED_AUTOS = YES_AGGRESSIVE;
				GCC_WARN_UNUSED_FUNCTION = YES;
				GCC_WARN_UNUSED_VARIABLE = YES;
				IPHONEOS_DEPLOYMENT_TARGET = 15.5;
				MTL_ENABLE_DEBUG_INFO = NO;
				MTL_FAST_MATH = YES;
				SDKROOT = iphoneos;
				SWIFT_COMPILATION_MODE = wholemodule;
				SWIFT_OPTIMIZATION_LEVEL = "-O";
				VALIDATE_PRODUCT = YES;
			};
			name = Release;
		};
		781C243129733EBC0053C421 /* Debug */ = {
			isa = XCBuildConfiguration;
			buildSettings = {
				ASSETCATALOG_COMPILER_APPICON_NAME = AppIcon;
				ASSETCATALOG_COMPILER_GLOBAL_ACCENT_COLOR_NAME = AccentColor;
				CODE_SIGN_STYLE = Automatic;
				CURRENT_PROJECT_VERSION = 1;
				DEVELOPMENT_ASSET_PATHS = "\"TodoListSwiftUI/Preview Content\"";
				DEVELOPMENT_TEAM = D5Y4Z9D6EH;
				ENABLE_PREVIEWS = YES;
				GENERATE_INFOPLIST_FILE = YES;
				INFOPLIST_KEY_UIApplicationSceneManifest_Generation = YES;
				INFOPLIST_KEY_UIApplicationSupportsIndirectInputEvents = YES;
				INFOPLIST_KEY_UILaunchScreen_Generation = YES;
				INFOPLIST_KEY_UISupportedInterfaceOrientations_iPad = "UIInterfaceOrientationPortrait UIInterfaceOrientationPortraitUpsideDown UIInterfaceOrientationLandscapeLeft UIInterfaceOrientationLandscapeRight";
				INFOPLIST_KEY_UISupportedInterfaceOrientations_iPhone = "UIInterfaceOrientationPortrait UIInterfaceOrientationLandscapeLeft UIInterfaceOrientationLandscapeRight";
				LD_RUNPATH_SEARCH_PATHS = (
					"$(inherited)",
					"@executable_path/Frameworks",
				);
				MARKETING_VERSION = 1.0;
				PRODUCT_BUNDLE_IDENTIFIER = com.nickelogic.TodoListSwiftUI;
				PRODUCT_NAME = "$(TARGET_NAME)";
				SWIFT_EMIT_LOC_STRINGS = YES;
				SWIFT_VERSION = 5.0;
				TARGETED_DEVICE_FAMILY = "1,2";
			};
			name = Debug;
		};
		781C243229733EBC0053C421 /* Release */ = {
			isa = XCBuildConfiguration;
			buildSettings = {
				ASSETCATALOG_COMPILER_APPICON_NAME = AppIcon;
				ASSETCATALOG_COMPILER_GLOBAL_ACCENT_COLOR_NAME = AccentColor;
				CODE_SIGN_STYLE = Automatic;
				CURRENT_PROJECT_VERSION = 1;
				DEVELOPMENT_ASSET_PATHS = "\"TodoListSwiftUI/Preview Content\"";
				DEVELOPMENT_TEAM = D5Y4Z9D6EH;
				ENABLE_PREVIEWS = YES;
				GENERATE_INFOPLIST_FILE = YES;
				INFOPLIST_KEY_UIApplicationSceneManifest_Generation = YES;
				INFOPLIST_KEY_UIApplicationSupportsIndirectInputEvents = YES;
				INFOPLIST_KEY_UILaunchScreen_Generation = YES;
				INFOPLIST_KEY_UISupportedInterfaceOrientations_iPad = "UIInterfaceOrientationPortrait UIInterfaceOrientationPortraitUpsideDown UIInterfaceOrientationLandscapeLeft UIInterfaceOrientationLandscapeRight";
				INFOPLIST_KEY_UISupportedInterfaceOrientations_iPhone = "UIInterfaceOrientationPortrait UIInterfaceOrientationLandscapeLeft UIInterfaceOrientationLandscapeRight";
				LD_RUNPATH_SEARCH_PATHS = (
					"$(inherited)",
					"@executable_path/Frameworks",
				);
				MARKETING_VERSION = 1.0;
				PRODUCT_BUNDLE_IDENTIFIER = com.nickelogic.TodoListSwiftUI;
				PRODUCT_NAME = "$(TARGET_NAME)";
				SWIFT_EMIT_LOC_STRINGS = YES;
				SWIFT_VERSION = 5.0;
				TARGETED_DEVICE_FAMILY = "1,2";
			};
			name = Release;
		};
		781C243429733EBC0053C421 /* Debug */ = {
			isa = XCBuildConfiguration;
			buildSettings = {
				ALWAYS_EMBED_SWIFT_STANDARD_LIBRARIES = YES;
				BUNDLE_LOADER = "$(TEST_HOST)";
				CODE_SIGN_STYLE = Automatic;
				CURRENT_PROJECT_VERSION = 1;
				DEVELOPMENT_TEAM = D5Y4Z9D6EH;
				GENERATE_INFOPLIST_FILE = YES;
				IPHONEOS_DEPLOYMENT_TARGET = 15.5;
				MARKETING_VERSION = 1.0;
				PRODUCT_BUNDLE_IDENTIFIER = com.nickelogic.TodoListSwiftUITests;
				PRODUCT_NAME = "$(TARGET_NAME)";
				SWIFT_EMIT_LOC_STRINGS = NO;
				SWIFT_VERSION = 5.0;
				TARGETED_DEVICE_FAMILY = "1,2";
				TEST_HOST = "$(BUILT_PRODUCTS_DIR)/TodoListSwiftUI.app/TodoListSwiftUI";
			};
			name = Debug;
		};
		781C243529733EBC0053C421 /* Release */ = {
			isa = XCBuildConfiguration;
			buildSettings = {
				ALWAYS_EMBED_SWIFT_STANDARD_LIBRARIES = YES;
				BUNDLE_LOADER = "$(TEST_HOST)";
				CODE_SIGN_STYLE = Automatic;
				CURRENT_PROJECT_VERSION = 1;
				DEVELOPMENT_TEAM = D5Y4Z9D6EH;
				GENERATE_INFOPLIST_FILE = YES;
				IPHONEOS_DEPLOYMENT_TARGET = 15.5;
				MARKETING_VERSION = 1.0;
				PRODUCT_BUNDLE_IDENTIFIER = com.nickelogic.TodoListSwiftUITests;
				PRODUCT_NAME = "$(TARGET_NAME)";
				SWIFT_EMIT_LOC_STRINGS = NO;
				SWIFT_VERSION = 5.0;
				TARGETED_DEVICE_FAMILY = "1,2";
				TEST_HOST = "$(BUILT_PRODUCTS_DIR)/TodoListSwiftUI.app/TodoListSwiftUI";
			};
			name = Release;
		};
		781C243729733EBC0053C421 /* Debug */ = {
			isa = XCBuildConfiguration;
			buildSettings = {
				ALWAYS_EMBED_SWIFT_STANDARD_LIBRARIES = YES;
				CODE_SIGN_STYLE = Automatic;
				CURRENT_PROJECT_VERSION = 1;
				DEVELOPMENT_TEAM = D5Y4Z9D6EH;
				GENERATE_INFOPLIST_FILE = YES;
				MARKETING_VERSION = 1.0;
				PRODUCT_BUNDLE_IDENTIFIER = com.nickelogic.TodoListSwiftUIUITests;
				PRODUCT_NAME = "$(TARGET_NAME)";
				SWIFT_EMIT_LOC_STRINGS = NO;
				SWIFT_VERSION = 5.0;
				TARGETED_DEVICE_FAMILY = "1,2";
				TEST_TARGET_NAME = TodoListSwiftUI;
			};
			name = Debug;
		};
		781C243829733EBC0053C421 /* Release */ = {
			isa = XCBuildConfiguration;
			buildSettings = {
				ALWAYS_EMBED_SWIFT_STANDARD_LIBRARIES = YES;
				CODE_SIGN_STYLE = Automatic;
				CURRENT_PROJECT_VERSION = 1;
				DEVELOPMENT_TEAM = D5Y4Z9D6EH;
				GENERATE_INFOPLIST_FILE = YES;
				MARKETING_VERSION = 1.0;
				PRODUCT_BUNDLE_IDENTIFIER = com.nickelogic.TodoListSwiftUIUITests;
				PRODUCT_NAME = "$(TARGET_NAME)";
				SWIFT_EMIT_LOC_STRINGS = NO;
				SWIFT_VERSION = 5.0;
				TARGETED_DEVICE_FAMILY = "1,2";
				TEST_TARGET_NAME = TodoListSwiftUI;
			};
			name = Release;
		};
/* End XCBuildConfiguration section */

/* Begin XCConfigurationList section */
		781C240729733EB50053C421 /* Build configuration list for PBXProject "TodoListSwiftUI" */ = {
			isa = XCConfigurationList;
			buildConfigurations = (
				781C242E29733EBC0053C421 /* Debug */,
				781C242F29733EBC0053C421 /* Release */,
			);
			defaultConfigurationIsVisible = 0;
			defaultConfigurationName = Release;
		};
		781C243029733EBC0053C421 /* Build configuration list for PBXNativeTarget "TodoListSwiftUI" */ = {
			isa = XCConfigurationList;
			buildConfigurations = (
				781C243129733EBC0053C421 /* Debug */,
				781C243229733EBC0053C421 /* Release */,
			);
			defaultConfigurationIsVisible = 0;
			defaultConfigurationName = Release;
		};
		781C243329733EBC0053C421 /* Build configuration list for PBXNativeTarget "TodoListSwiftUITests" */ = {
			isa = XCConfigurationList;
			buildConfigurations = (
				781C243429733EBC0053C421 /* Debug */,
				781C243529733EBC0053C421 /* Release */,
			);
			defaultConfigurationIsVisible = 0;
			defaultConfigurationName = Release;
		};
		781C243629733EBC0053C421 /* Build configuration list for PBXNativeTarget "TodoListSwiftUIUITests" */ = {
			isa = XCConfigurationList;
			buildConfigurations = (
				781C243729733EBC0053C421 /* Debug */,
				781C243829733EBC0053C421 /* Release */,
			);
			defaultConfigurationIsVisible = 0;
			defaultConfigurationName = Release;
		};
/* End XCConfigurationList section */
	};
	rootObject = 781C240429733EB50053C421 /* Project object */;
}
